<?xml version="1.0" encoding="utf-8"?>
<Project ToolsVersion="4.0" xmlns="http://schemas.microsoft.com/developer/msbuild/2003">
  <ItemGroup>
    <ClCompile Include="Main.cpp" />
    <ClCompile Include="j1App.cpp" />
    <ClCompile Include="j1Render.cpp">
      <Filter>Modules</Filter>
    </ClCompile>
    <ClCompile Include="j1Timer.cpp">
      <Filter>Timers</Filter>
    </ClCompile>
    <ClCompile Include="j1PerfTimer.cpp">
      <Filter>Timers</Filter>
    </ClCompile>
    <ClCompile Include="p2Log.cpp">
      <Filter>Utils</Filter>
    </ClCompile>
  </ItemGroup>
  <ItemGroup>
    <ClInclude Include="j1App.h" />
    <ClInclude Include="j1Render.h">
      <Filter>Modules</Filter>
    </ClInclude>
    <ClInclude Include="j1Module.h" />
    <ClInclude Include="j1Timer.h">
      <Filter>Timers</Filter>
    </ClInclude>
    <ClInclude Include="j1PerfTimer.h">
      <Filter>Timers</Filter>
    </ClInclude>
    <ClInclude Include="p2Defs.h">
      <Filter>Utils</Filter>
    </ClInclude>
    <ClInclude Include="p2Log.h">
      <Filter>Utils</Filter>
    </ClInclude>
  </ItemGroup>
  <ItemGroup>
    <Filter Include="Modules">
      <UniqueIdentifier>{82aacf3b-1151-4efc-b0e2-4cea08f47e50}</UniqueIdentifier>
    </Filter>
    <Filter Include="Utils">
      <UniqueIdentifier>{601b3241-8a9a-45ae-9201-a1a380fa4b39}</UniqueIdentifier>
    </Filter>
    <Filter Include="Timers">
      <UniqueIdentifier>{3bedd3cf-cc6b-4ce4-af54-80cbbc13c329}</UniqueIdentifier>
    </Filter>
  </ItemGroup>
</Project>